
Microsoft Visual Studio Solution File, Format Version 12.00
Project("{FAE04EC0-301F-11D3-BF4B-00C04F79EFBC}") = "RwNotificator.Core", "RwNotificator.Core\RwNotificator.Core.csproj", "{B8FF0068-904D-4A0D-8AD4-AA99BCBF45DA}"
EndProject
Project("{FAE04EC0-301F-11D3-BF4B-00C04F79EFBC}") = "RwNotificator.Console", "RwNotificator.Console\RwNotificator.Console.csproj", "{573D8615-6B6E-4E46-8185-B4ADDA580D68}"
EndProject
Global
	GlobalSection(SolutionConfigurationPlatforms) = preSolution
		Debug|Any CPU = Debug|Any CPU
		Release|Any CPU = Release|Any CPU
	EndGlobalSection
	GlobalSection(ProjectConfigurationPlatforms) = postSolution
		{B8FF0068-904D-4A0D-8AD4-AA99BCBF45DA}.Debug|Any CPU.ActiveCfg = Debug|Any CPU
		{B8FF0068-904D-4A0D-8AD4-AA99BCBF45DA}.Debug|Any CPU.Build.0 = Debug|Any CPU
		{B8FF0068-904D-4A0D-8AD4-AA99BCBF45DA}.Release|Any CPU.ActiveCfg = Release|Any CPU
		{B8FF0068-904D-4A0D-8AD4-AA99BCBF45DA}.Release|Any CPU.Build.0 = Release|Any CPU
		{573D8615-6B6E-4E46-8185-B4ADDA580D68}.Debug|Any CPU.ActiveCfg = Debug|Any CPU
		{573D8615-6B6E-4E46-8185-B4ADDA580D68}.Debug|Any CPU.Build.0 = Debug|Any CPU
		{573D8615-6B6E-4E46-8185-B4ADDA580D68}.Release|Any CPU.ActiveCfg = Release|Any CPU
		{573D8615-6B6E-4E46-8185-B4ADDA580D68}.Release|Any CPU.Build.0 = Release|Any CPU
	EndGlobalSection
EndGlobal
